
Microsoft Visual Studio Solution File, Format Version 12.00
# Visual Studio 15
VisualStudioVersion = 15.0.27004.2002
MinimumVisualStudioVersion = 10.0.40219.1
Project("{FAE04EC0-301F-11D3-BF4B-00C04F79EFBC}") = "wsPrueba", "wsPrueba\wsPrueba.csproj", "{B7A3C91B-0BA3-467C-A2A4-997F4C7F4157}"
EndProject
Global
	GlobalSection(SolutionConfigurationPlatforms) = preSolution
		Debug|Any CPU = Debug|Any CPU
		Release|Any CPU = Release|Any CPU
	EndGlobalSection
	GlobalSection(ProjectConfigurationPlatforms) = postSolution
		{B7A3C91B-0BA3-467C-A2A4-997F4C7F4157}.Debug|Any CPU.ActiveCfg = Debug|Any CPU
		{B7A3C91B-0BA3-467C-A2A4-997F4C7F4157}.Debug|Any CPU.Build.0 = Debug|Any CPU
		{B7A3C91B-0BA3-467C-A2A4-997F4C7F4157}.Release|Any CPU.ActiveCfg = Release|Any CPU
		{B7A3C91B-0BA3-467C-A2A4-997F4C7F4157}.Release|Any CPU.Build.0 = Release|Any CPU
	EndGlobalSection
	GlobalSection(SolutionProperties) = preSolution
		HideSolutionNode = FALSE
	EndGlobalSection
	GlobalSection(ExtensibilityGlobals) = postSolution
		SolutionGuid = {B40F3CB9-A759-4726-9023-7AE80B587122}
	EndGlobalSection
EndGlobal
